# Generated by DISP. Do not edit by hand.
lock-version = "1"
root = "dependency-example@0.1.0"
manifest-sha256 = "25df1fafdb413bcccb499ba437793ad2e2444228d154654e97abd13d2abd06ba"

[[package]]
id = "dependency-example@0.1.0"
name = "dependency-example"
version = "0.1.0"
source = "."
sha256 = "25df1fafdb413bcccb499ba437793ad2e2444228d154654e97abd13d2abd06ba"
dependencies = ["math=math@1.0.0"]

[[package]]
id = "math@1.0.0"
name = "math"
version = "1.0.0"
source = "../math"
sha256 = "408908bc3d9629f8ebb67c07f4a258907f8ebdd3b741af2fa3d29b7e26fec02d"
dependencies = []
